
Microsoft Visual Studio Solution File, Format Version 12.00
# Visual Studio Version 16
VisualStudioVersion = 16.0.31205.134
MinimumVisualStudioVersion = 10.0.40219.1
Project("{FAE04EC0-301F-11D3-BF4B-00C04F79EFBC}") = "Project_22_10", "Project_22_10\Project_22_10.csproj", "{4A195D8C-8811-4C9C-B832-5A041B0664F2}"
EndProject
Project("{FAE04EC0-301F-11D3-BF4B-00C04F79EFBC}") = "UploadFile", "UploadFile\UploadFile.csproj", "{CB0D1091-1A04-493D-9CA8-D527CFFCEFF9}"
EndProject
Project("{FAE04EC0-301F-11D3-BF4B-00C04F79EFBC}") = "Bai3", "Bai3\Bai3.csproj", "{8221405C-C9CB-4548-A769-D6A337573B2B}"
EndProject
Global
	GlobalSection(SolutionConfigurationPlatforms) = preSolution
		Debug|Any CPU = Debug|Any CPU
		Release|Any CPU = Release|Any CPU
	EndGlobalSection
	GlobalSection(ProjectConfigurationPlatforms) = postSolution
		{4A195D8C-8811-4C9C-B832-5A041B0664F2}.Debug|Any CPU.ActiveCfg = Debug|Any CPU
		{4A195D8C-8811-4C9C-B832-5A041B0664F2}.Debug|Any CPU.Build.0 = Debug|Any CPU
		{4A195D8C-8811-4C9C-B832-5A041B0664F2}.Release|Any CPU.ActiveCfg = Release|Any CPU
		{4A195D8C-8811-4C9C-B832-5A041B0664F2}.Release|Any CPU.Build.0 = Release|Any CPU
		{CB0D1091-1A04-493D-9CA8-D527CFFCEFF9}.Debug|Any CPU.ActiveCfg = Debug|Any CPU
		{CB0D1091-1A04-493D-9CA8-D527CFFCEFF9}.Debug|Any CPU.Build.0 = Debug|Any CPU
		{CB0D1091-1A04-493D-9CA8-D527CFFCEFF9}.Release|Any CPU.ActiveCfg = Release|Any CPU
		{CB0D1091-1A04-493D-9CA8-D527CFFCEFF9}.Release|Any CPU.Build.0 = Release|Any CPU
		{8221405C-C9CB-4548-A769-D6A337573B2B}.Debug|Any CPU.ActiveCfg = Debug|Any CPU
		{8221405C-C9CB-4548-A769-D6A337573B2B}.Debug|Any CPU.Build.0 = Debug|Any CPU
		{8221405C-C9CB-4548-A769-D6A337573B2B}.Release|Any CPU.ActiveCfg = Release|Any CPU
		{8221405C-C9CB-4548-A769-D6A337573B2B}.Release|Any CPU.Build.0 = Release|Any CPU
	EndGlobalSection
	GlobalSection(SolutionProperties) = preSolution
		HideSolutionNode = FALSE
	EndGlobalSection
	GlobalSection(ExtensibilityGlobals) = postSolution
		SolutionGuid = {6F3E354D-4B9F-4ED4-86A6-63357C689C2E}
	EndGlobalSection
EndGlobal
